using System;

class Estudiante
{
    // Atributos
    public string Nombre { get; set; }
    public int Edad { get; set; }
    public string Carrera { get; set; }

    // Constructor
    public Estudiante(string nombre, int edad, string carrera)
    {
        this.Nombre = nombre;
        this.Edad = edad;
        this.Carrera = carrera;
    }

    // Método para mostrar los datos del estudiante
    public string MostrarDatos()
    {
        return $"Nombre: {this.Nombre}, Edad: {this.Edad}, Carrera: {this.Carrera}";
    }

    // Método para verificar si es mayor de edad
    public bool MayorMenorEdad()
    {
        return this.Edad >= 18;
    }
}

class Program
{
    static void Main(string[] args)
    {
        // Crear una instancia de Estudiante
        Estudiante estudiante1 = new Estudiante("Juan Pérez", 20, "Ingeniería Informática");

        // Mostrar los datos del estudiante
        Console.WriteLine(estudiante1.MostrarDatos());

        // Verificar si es mayor de edad
        Console.WriteLine("¿Es mayor de edad? " + estudiante1.MayorMenorEdad());
    }
}
