using System;

public class Vehiculo
{
    // Atributos
    public string Marca { get; set; }
    public string Modelo { get; set; }
    public int Anio { get; set; }

    // Constructor
    public Vehiculo(string marca, string modelo, int anio)
    {
        Marca = marca;
        Modelo = modelo;
        Anio = anio;
    }

    // Método para mostrar la información del vehículo
    public string MostrarInfo()
    {
        return $"Marca: {Marca}, Modelo: {Modelo} :{Anio} ";
    }
}

// Ejemplo de uso
class Program
{
    static void Main(string[] args)
    {
        Vehiculo miVehiculo = new Vehiculo("Toyota", "corolla" , 2022);
        miVehiculo.Marca = "Mazda";
        Console.WriteLine(miVehiculo.Marca);
    }
}
